// !$*UTF8*$!
{
	archiveVersion = 1;
	classes = {
	};
	objectVersion = 77;
	objects = {

/* Begin PBXBuildFile section */
		00290C75C906DB3FFF8A8460 /* UpdateChecker.swift in Sources */ = {isa = PBXBuildFile; fileRef = B1B4F82F794FD82FF78EC8B9 /* UpdateChecker.swift */; };
		0C3B48037049E1F1622E4C25 /* HUDPresenter.swift in Sources */ = {isa = PBXBuildFile; fileRef = FAD5EF33BC8D4A49401F7228 /* HUDPresenter.swift */; };
		0C94020926C4E63D80A3167C /* PreferencesDevicesPage.swift in Sources */ = {isa = PBXBuildFile; fileRef = F1DC7BD1E7A26042200E3B2B /* PreferencesDevicesPage.swift */; };
		0D4A5F4D20A2E31F464F4122 /* SessionMix.swift in Sources */ = {isa = PBXBuildFile; fileRef = 5EC7728A0646DDB0B80A26E3 /* SessionMix.swift */; };
		0E89DC66FF7DCF6860A235A7 /* Localizable.strings in Resources */ = {isa = PBXBuildFile; fileRef = FE0EEB17C43E9CBE1ABED7C2 /* Localizable.strings */; };
		11FDC04D4CD38E6311F951D4 /* SystemAudioAccess.swift in Sources */ = {isa = PBXBuildFile; fileRef = C98EF85571E738D1FB5D06D9 /* SystemAudioAccess.swift */; };
		15DD7D576F72455A28455301 /* HotkeyTypes.swift in Sources */ = {isa = PBXBuildFile; fileRef = B35F1D3335235FFC0A1CFD00 /* HotkeyTypes.swift */; };
		1F2EE35C311EB17B8016DD27 /* RecordingCoordinator.swift in Sources */ = {isa = PBXBuildFile; fileRef = DBCDAC13656AB32C933EB7FC /* RecordingCoordinator.swift */; };
		1FF5980AA9BA25AB2AA66B3C /* SessionRecorder.swift in Sources */ = {isa = PBXBuildFile; fileRef = 06ADA52982EF60A0DC607152 /* SessionRecorder.swift */; };
		22799EC9FE4846702741D29C /* StatusItemVisibility.swift in Sources */ = {isa = PBXBuildFile; fileRef = 29B2EEF27306A31B09E7F00C /* StatusItemVisibility.swift */; };
		22D629D37CABB69D24449A23 /* HUDContentView.swift in Sources */ = {isa = PBXBuildFile; fileRef = 24381AAC5C63C2B4DEB0E190 /* HUDContentView.swift */; };
		2BA758F4F6801B9775F202FD /* CompressedStemWriter.swift in Sources */ = {isa = PBXBuildFile; fileRef = D38D0E203797E6588D537F34 /* CompressedStemWriter.swift */; };
		3226526B0E10685261CE34E5 /* AppDelegate.swift in Sources */ = {isa = PBXBuildFile; fileRef = 9531C60032267EFA1757D1BC /* AppDelegate.swift */; };
		34D8CB9A6898B6ED6D6475AA /* MicController.swift in Sources */ = {isa = PBXBuildFile; fileRef = C47A7A118040E6EF54FF7752 /* MicController.swift */; };
		4789507C1B86DFC4DF3F5C1E /* EscapeToCloseWindow.swift in Sources */ = {isa = PBXBuildFile; fileRef = 4BC096BE49444BD1DD7C19BE /* EscapeToCloseWindow.swift */; };
		48D12E627D13B4F676A0E8C3 /* HotkeyCoordinator.swift in Sources */ = {isa = PBXBuildFile; fileRef = 6EFE0DEA6A9D4F148BD30475 /* HotkeyCoordinator.swift */; };
		49AEAEFADFABB85941650D16 /* PreferencesAboutPage.swift in Sources */ = {isa = PBXBuildFile; fileRef = 3F8F61DC24A2F34968588493 /* PreferencesAboutPage.swift */; };
		555CB82D8EE959038378C244 /* Assets.xcassets in Resources */ = {isa = PBXBuildFile; fileRef = 85D3C494D4898BA8C2268DB1 /* Assets.xcassets */; };
		624805273EFDB53BAC0EA7E0 /* PreferencesChrome.swift in Sources */ = {isa = PBXBuildFile; fileRef = E14F0285BCCAF4D12DE4858F /* PreferencesChrome.swift */; };
		6507DC18A3CA52D862E30880 /* AppInstallMethod.swift in Sources */ = {isa = PBXBuildFile; fileRef = D8A8DD329C0A00C7F98AB6DF /* AppInstallMethod.swift */; };
		6F86EC406C1C751E39675BFC /* PreferencesRecordingPage.swift in Sources */ = {isa = PBXBuildFile; fileRef = AB8A0A431336671A517462A4 /* PreferencesRecordingPage.swift */; };
		75232B155DF36CAD79FADA2C /* RecordingMonitorViews.swift in Sources */ = {isa = PBXBuildFile; fileRef = 22B6B8B3457744193C315C66 /* RecordingMonitorViews.swift */; };
		7AFC779B76AEA8179B52B8D0 /* UsageReporter.swift in Sources */ = {isa = PBXBuildFile; fileRef = 83B05802BA0C62099286E966 /* UsageReporter.swift */; };
		7BCF28B6E67FFB6A7D883F39 /* AppInstanceGuard.swift in Sources */ = {isa = PBXBuildFile; fileRef = C32C09184D932FCEB0E14261 /* AppInstanceGuard.swift */; };
		7E65C79EF56627FECFCA97A3 /* RecordingMonitorWindow.swift in Sources */ = {isa = PBXBuildFile; fileRef = DADF81DCA924E93BBF8497C5 /* RecordingMonitorWindow.swift */; };
		853BF2D0ACA89BE82704BD63 /* PreferencesTab.swift in Sources */ = {isa = PBXBuildFile; fileRef = 200E9D59454FF5C42F0D7ECB /* PreferencesTab.swift */; };
		881AA270D666437B1903E384 /* SoundFeedback.swift in Sources */ = {isa = PBXBuildFile; fileRef = CDE39A650F3FD05056F59A8C /* SoundFeedback.swift */; };
		8CF0A20DF5BC136F3B034052 /* HotkeyManager.swift in Sources */ = {isa = PBXBuildFile; fileRef = 23C3675125FEA46D7196900C /* HotkeyManager.swift */; };
		8E88E5B6828241F03284F2FF /* L10n.swift in Sources */ = {isa = PBXBuildFile; fileRef = E2ED43090A4E39AD009CCA8E /* L10n.swift */; };
		946536A8DD555F0C909F529A /* PreferencesKeyboardPage.swift in Sources */ = {isa = PBXBuildFile; fileRef = F419C15AF8C957D43FB3505F /* PreferencesKeyboardPage.swift */; };
		958180F202E06B74C7FF70B8 /* Comparable+Clamped.swift in Sources */ = {isa = PBXBuildFile; fileRef = 1F757219C34041FABC16B182 /* Comparable+Clamped.swift */; };
		A135303EFDE1E0DDF1395128 /* InputDeviceCapture.swift in Sources */ = {isa = PBXBuildFile; fileRef = 56C0C058BA882C7D377D7002 /* InputDeviceCapture.swift */; };
		A76A5A5BAD20A087D0EEAD00 /* RecordingTypes.swift in Sources */ = {isa = PBXBuildFile; fileRef = 68A1CAC0DBBA0C68A3001DC9 /* RecordingTypes.swift */; };
		AA473EA7E801B173E98DE292 /* LiveMixer.swift in Sources */ = {isa = PBXBuildFile; fileRef = 12E7B26E0035AAB6D481CEFE /* LiveMixer.swift */; };
		ACC18BD5233D2126186035CC /* RecordingDSP.swift in Sources */ = {isa = PBXBuildFile; fileRef = D648AE0FEB3920E8A9FA910C /* RecordingDSP.swift */; };
		BA20006664889BFA032B547D /* PreferencesStore.swift in Sources */ = {isa = PBXBuildFile; fileRef = 402280C03971421D5FC37176 /* PreferencesStore.swift */; };
		BDD8AAD6F773AE812F75400F /* HUDHoldKind.swift in Sources */ = {isa = PBXBuildFile; fileRef = 500AF84D4D16D9AFA3D3F98C /* HUDHoldKind.swift */; };
		C06BA017129FFBF8FE432315 /* RecordingBitRate.swift in Sources */ = {isa = PBXBuildFile; fileRef = 88D8E3B3E7AC79E5657EB4BD /* RecordingBitRate.swift */; };
		D1B75AB5E76978F57BA54618 /* LockMicApp.swift in Sources */ = {isa = PBXBuildFile; fileRef = A51C7D193AC5B7126335223E /* LockMicApp.swift */; };
		D2858916A735CF2E761476C5 /* StatusItemController.swift in Sources */ = {isa = PBXBuildFile; fileRef = F192D7C9A6E81A1AB3DFF30B /* StatusItemController.swift */; };
		DD37177C68DB7C1169F1C46D /* PreferencesGeneralPage.swift in Sources */ = {isa = PBXBuildFile; fileRef = 6C96E6DE500850364A23E1BF /* PreferencesGeneralPage.swift */; };
		DF99A9504527B6B0E6F48478 /* PreferencesView.swift in Sources */ = {isa = PBXBuildFile; fileRef = 6D93F1024B71207F8831FB2E /* PreferencesView.swift */; };
		E20244D2F3506734EB9D15D9 /* HotkeyRecorderButton.swift in Sources */ = {isa = PBXBuildFile; fileRef = 40771CE30E43CEE7B2690B08 /* HotkeyRecorderButton.swift */; };
		E21C796C5F395CFDEC878645 /* ThinTransparentScroller.swift in Sources */ = {isa = PBXBuildFile; fileRef = 6DCBF140C7338A9FBDC5EA31 /* ThinTransparentScroller.swift */; };
		E7476AF3C6061511AF856AB6 /* PlaybackTap.swift in Sources */ = {isa = PBXBuildFile; fileRef = 00BF46D371BFBCB0BC6F1628 /* PlaybackTap.swift */; };
		ECE73A9B283F6AA42DE51227 /* AudioDeviceService.swift in Sources */ = {isa = PBXBuildFile; fileRef = B5DF80557326D4363ECF8311 /* AudioDeviceService.swift */; };
		F004DB315B6F5162DE075031 /* DockIconRenderer.swift in Sources */ = {isa = PBXBuildFile; fileRef = 481D6112DE20013988EEC0FD /* DockIconRenderer.swift */; };
		FEE8EBDBBF2899014964D9EB /* HUDOverlay.swift in Sources */ = {isa = PBXBuildFile; fileRef = D00474B1CB3A02EF7A384B5D /* HUDOverlay.swift */; };
/* End PBXBuildFile section */

/* Begin PBXFileReference section */
		00BF46D371BFBCB0BC6F1628 /* PlaybackTap.swift */ = {isa = PBXFileReference; lastKnownFileType = sourcecode.swift; path = PlaybackTap.swift; sourceTree = "<group>"; };
		06ADA52982EF60A0DC607152 /* SessionRecorder.swift */ = {isa = PBXFileReference; lastKnownFileType = sourcecode.swift; path = SessionRecorder.swift; sourceTree = "<group>"; };
		12E7B26E0035AAB6D481CEFE /* LiveMixer.swift */ = {isa = PBXFileReference; lastKnownFileType = sourcecode.swift; path = LiveMixer.swift; sourceTree = "<group>"; };
		182A9BCDF590AE38191EA976 /* nb */ = {isa = PBXFileReference; lastKnownFileType = text.plist.strings; name = nb; path = nb.lproj/Localizable.strings; sourceTree = "<group>"; };
		1F757219C34041FABC16B182 /* Comparable+Clamped.swift */ = {isa = PBXFileReference; lastKnownFileType = sourcecode.swift; path = "Comparable+Clamped.swift"; sourceTree = "<group>"; };
		200E9D59454FF5C42F0D7ECB /* PreferencesTab.swift */ = {isa = PBXFileReference; lastKnownFileType = sourcecode.swift; path = PreferencesTab.swift; sourceTree = "<group>"; };
		20D4F51BC72B06AE60177E02 /* hu */ = {isa = PBXFileReference; lastKnownFileType = text.plist.strings; name = hu; path = hu.lproj/Localizable.strings; sourceTree = "<group>"; };
		22B6B8B3457744193C315C66 /* RecordingMonitorViews.swift */ = {isa = PBXFileReference; lastKnownFileType = sourcecode.swift; path = RecordingMonitorViews.swift; sourceTree = "<group>"; };
		23C3675125FEA46D7196900C /* HotkeyManager.swift */ = {isa = PBXFileReference; lastKnownFileType = sourcecode.swift; path = HotkeyManager.swift; sourceTree = "<group>"; };
		24381AAC5C63C2B4DEB0E190 /* HUDContentView.swift */ = {isa = PBXFileReference; lastKnownFileType = sourcecode.swift; path = HUDContentView.swift; sourceTree = "<group>"; };
		26CB49637ACD31ADA88C6706 /* pt */ = {isa = PBXFileReference; lastKnownFileType = text.plist.strings; name = pt; path = pt.lproj/Localizable.strings; sourceTree = "<group>"; };
		273A8EAC41182E9890D9602B /* ko */ = {isa = PBXFileReference; lastKnownFileType = text.plist.strings; name = ko; path = ko.lproj/Localizable.strings; sourceTree = "<group>"; };
		29B2EEF27306A31B09E7F00C /* StatusItemVisibility.swift */ = {isa = PBXFileReference; lastKnownFileType = sourcecode.swift; path = StatusItemVisibility.swift; sourceTree = "<group>"; };
		2AD030E987ACB3A7DE02B0CB /* el */ = {isa = PBXFileReference; lastKnownFileType = text.plist.strings; name = el; path = el.lproj/Localizable.strings; sourceTree = "<group>"; };
		37710D2E97833DD8E01573D6 /* ru */ = {isa = PBXFileReference; lastKnownFileType = text.plist.strings; name = ru; path = ru.lproj/Localizable.strings; sourceTree = "<group>"; };
		3F8F61DC24A2F34968588493 /* PreferencesAboutPage.swift */ = {isa = PBXFileReference; lastKnownFileType = sourcecode.swift; path = PreferencesAboutPage.swift; sourceTree = "<group>"; };
		402280C03971421D5FC37176 /* PreferencesStore.swift */ = {isa = PBXFileReference; lastKnownFileType = sourcecode.swift; path = PreferencesStore.swift; sourceTree = "<group>"; };
		40771CE30E43CEE7B2690B08 /* HotkeyRecorderButton.swift */ = {isa = PBXFileReference; lastKnownFileType = sourcecode.swift; path = HotkeyRecorderButton.swift; sourceTree = "<group>"; };
		42A476D4BD52182D45C6E49B /* sr */ = {isa = PBXFileReference; lastKnownFileType = text.plist.strings; name = sr; path = sr.lproj/Localizable.strings; sourceTree = "<group>"; };
		47859F308936372E0F1E1B1B /* zh-Hans */ = {isa = PBXFileReference; lastKnownFileType = text.plist.strings; name = "zh-Hans"; path = "zh-Hans.lproj/Localizable.strings"; sourceTree = "<group>"; };
		481D6112DE20013988EEC0FD /* DockIconRenderer.swift */ = {isa = PBXFileReference; lastKnownFileType = sourcecode.swift; path = DockIconRenderer.swift; sourceTree = "<group>"; };
		49BAD13440689AE6C99DA304 /* en */ = {isa = PBXFileReference; lastKnownFileType = text.plist.strings; name = en; path = en.lproj/Localizable.strings; sourceTree = "<group>"; };
		4BC096BE49444BD1DD7C19BE /* EscapeToCloseWindow.swift */ = {isa = PBXFileReference; lastKnownFileType = sourcecode.swift; path = EscapeToCloseWindow.swift; sourceTree = "<group>"; };
		500AF84D4D16D9AFA3D3F98C /* HUDHoldKind.swift */ = {isa = PBXFileReference; lastKnownFileType = sourcecode.swift; path = HUDHoldKind.swift; sourceTree = "<group>"; };
		507F692EF636EDD123B7C354 /* nl */ = {isa = PBXFileReference; lastKnownFileType = text.plist.strings; name = nl; path = nl.lproj/Localizable.strings; sourceTree = "<group>"; };
		56C0C058BA882C7D377D7002 /* InputDeviceCapture.swift */ = {isa = PBXFileReference; lastKnownFileType = sourcecode.swift; path = InputDeviceCapture.swift; sourceTree = "<group>"; };
		5C696A9C7623EEF09C24ADDB /* it */ = {isa = PBXFileReference; lastKnownFileType = text.plist.strings; name = it; path = it.lproj/Localizable.strings; sourceTree = "<group>"; };
		5EC7728A0646DDB0B80A26E3 /* SessionMix.swift */ = {isa = PBXFileReference; lastKnownFileType = sourcecode.swift; path = SessionMix.swift; sourceTree = "<group>"; };
		68A1CAC0DBBA0C68A3001DC9 /* RecordingTypes.swift */ = {isa = PBXFileReference; lastKnownFileType = sourcecode.swift; path = RecordingTypes.swift; sourceTree = "<group>"; };
		6C96E6DE500850364A23E1BF /* PreferencesGeneralPage.swift */ = {isa = PBXFileReference; lastKnownFileType = sourcecode.swift; path = PreferencesGeneralPage.swift; sourceTree = "<group>"; };
		6D93F1024B71207F8831FB2E /* PreferencesView.swift */ = {isa = PBXFileReference; lastKnownFileType = sourcecode.swift; path = PreferencesView.swift; sourceTree = "<group>"; };
		6DCBF140C7338A9FBDC5EA31 /* ThinTransparentScroller.swift */ = {isa = PBXFileReference; lastKnownFileType = sourcecode.swift; path = ThinTransparentScroller.swift; sourceTree = "<group>"; };
		6EFE0DEA6A9D4F148BD30475 /* HotkeyCoordinator.swift */ = {isa = PBXFileReference; lastKnownFileType = sourcecode.swift; path = HotkeyCoordinator.swift; sourceTree = "<group>"; };
		7E3364D1BD68964EA0E478CE /* cs */ = {isa = PBXFileReference; lastKnownFileType = text.plist.strings; name = cs; path = cs.lproj/Localizable.strings; sourceTree = "<group>"; };
		83B05802BA0C62099286E966 /* UsageReporter.swift */ = {isa = PBXFileReference; lastKnownFileType = sourcecode.swift; path = UsageReporter.swift; sourceTree = "<group>"; };
		85D3C494D4898BA8C2268DB1 /* Assets.xcassets */ = {isa = PBXFileReference; lastKnownFileType = folder.assetcatalog; path = Assets.xcassets; sourceTree = "<group>"; };
		88D8E3B3E7AC79E5657EB4BD /* RecordingBitRate.swift */ = {isa = PBXFileReference; lastKnownFileType = sourcecode.swift; path = RecordingBitRate.swift; sourceTree = "<group>"; };
		9531C60032267EFA1757D1BC /* AppDelegate.swift */ = {isa = PBXFileReference; lastKnownFileType = sourcecode.swift; path = AppDelegate.swift; sourceTree = "<group>"; };
		96D23D9BDF660CFB378C08B5 /* fi */ = {isa = PBXFileReference; lastKnownFileType = text.plist.strings; name = fi; path = fi.lproj/Localizable.strings; sourceTree = "<group>"; };
		A4DE69CE589C220C182F7AAD /* LockMic.app */ = {isa = PBXFileReference; explicitFileType = wrapper.application; includeInIndex = 0; path = LockMic.app; sourceTree = BUILT_PRODUCTS_DIR; };
		A51C7D193AC5B7126335223E /* LockMicApp.swift */ = {isa = PBXFileReference; lastKnownFileType = sourcecode.swift; path = LockMicApp.swift; sourceTree = "<group>"; };
		A568BC5DAF89AF44EF8E0B80 /* uk */ = {isa = PBXFileReference; lastKnownFileType = text.plist.strings; name = uk; path = uk.lproj/Localizable.strings; sourceTree = "<group>"; };
		AB8A0A431336671A517462A4 /* PreferencesRecordingPage.swift */ = {isa = PBXFileReference; lastKnownFileType = sourcecode.swift; path = PreferencesRecordingPage.swift; sourceTree = "<group>"; };
		AD752035FC222C9EE51DA990 /* ro */ = {isa = PBXFileReference; lastKnownFileType = text.plist.strings; name = ro; path = ro.lproj/Localizable.strings; sourceTree = "<group>"; };
		B0873DBEFA0A8A6FDBCCDF83 /* sv */ = {isa = PBXFileReference; lastKnownFileType = text.plist.strings; name = sv; path = sv.lproj/Localizable.strings; sourceTree = "<group>"; };
		B1B4F82F794FD82FF78EC8B9 /* UpdateChecker.swift */ = {isa = PBXFileReference; lastKnownFileType = sourcecode.swift; path = UpdateChecker.swift; sourceTree = "<group>"; };
		B35F1D3335235FFC0A1CFD00 /* HotkeyTypes.swift */ = {isa = PBXFileReference; lastKnownFileType = sourcecode.swift; path = HotkeyTypes.swift; sourceTree = "<group>"; };
		B5A1F4FAA32D2DF9650CF00C /* tr */ = {isa = PBXFileReference; lastKnownFileType = text.plist.strings; name = tr; path = tr.lproj/Localizable.strings; sourceTree = "<group>"; };
		B5DF80557326D4363ECF8311 /* AudioDeviceService.swift */ = {isa = PBXFileReference; lastKnownFileType = sourcecode.swift; path = AudioDeviceService.swift; sourceTree = "<group>"; };
		C32C09184D932FCEB0E14261 /* AppInstanceGuard.swift */ = {isa = PBXFileReference; lastKnownFileType = sourcecode.swift; path = AppInstanceGuard.swift; sourceTree = "<group>"; };
		C47A7A118040E6EF54FF7752 /* MicController.swift */ = {isa = PBXFileReference; lastKnownFileType = sourcecode.swift; path = MicController.swift; sourceTree = "<group>"; };
		C6A31B76216FE78E401DB033 /* es */ = {isa = PBXFileReference; lastKnownFileType = text.plist.strings; name = es; path = es.lproj/Localizable.strings; sourceTree = "<group>"; };
		C98EF85571E738D1FB5D06D9 /* SystemAudioAccess.swift */ = {isa = PBXFileReference; lastKnownFileType = sourcecode.swift; path = SystemAudioAccess.swift; sourceTree = "<group>"; };
		CDE39A650F3FD05056F59A8C /* SoundFeedback.swift */ = {isa = PBXFileReference; lastKnownFileType = sourcecode.swift; path = SoundFeedback.swift; sourceTree = "<group>"; };
		D00474B1CB3A02EF7A384B5D /* HUDOverlay.swift */ = {isa = PBXFileReference; lastKnownFileType = sourcecode.swift; path = HUDOverlay.swift; sourceTree = "<group>"; };
		D38D0E203797E6588D537F34 /* CompressedStemWriter.swift */ = {isa = PBXFileReference; lastKnownFileType = sourcecode.swift; path = CompressedStemWriter.swift; sourceTree = "<group>"; };
		D648AE0FEB3920E8A9FA910C /* RecordingDSP.swift */ = {isa = PBXFileReference; lastKnownFileType = sourcecode.swift; path = RecordingDSP.swift; sourceTree = "<group>"; };
		D8A8DD329C0A00C7F98AB6DF /* AppInstallMethod.swift */ = {isa = PBXFileReference; lastKnownFileType = sourcecode.swift; path = AppInstallMethod.swift; sourceTree = "<group>"; };
		D9B302F7FB86DB3FAF07A20E /* ja */ = {isa = PBXFileReference; lastKnownFileType = text.plist.strings; name = ja; path = ja.lproj/Localizable.strings; sourceTree = "<group>"; };
		DADF81DCA924E93BBF8497C5 /* RecordingMonitorWindow.swift */ = {isa = PBXFileReference; lastKnownFileType = sourcecode.swift; path = RecordingMonitorWindow.swift; sourceTree = "<group>"; };
		DBCDAC13656AB32C933EB7FC /* RecordingCoordinator.swift */ = {isa = PBXFileReference; lastKnownFileType = sourcecode.swift; path = RecordingCoordinator.swift; sourceTree = "<group>"; };
		E14F0285BCCAF4D12DE4858F /* PreferencesChrome.swift */ = {isa = PBXFileReference; lastKnownFileType = sourcecode.swift; path = PreferencesChrome.swift; sourceTree = "<group>"; };
		E21FA0B63C6558B749761AC8 /* fr */ = {isa = PBXFileReference; lastKnownFileType = text.plist.strings; name = fr; path = fr.lproj/Localizable.strings; sourceTree = "<group>"; };
		E2ED43090A4E39AD009CCA8E /* L10n.swift */ = {isa = PBXFileReference; lastKnownFileType = sourcecode.swift; path = L10n.swift; sourceTree = "<group>"; };
		E44C27F2BF7F0A04A52F4C0D /* da */ = {isa = PBXFileReference; lastKnownFileType = text.plist.strings; name = da; path = da.lproj/Localizable.strings; sourceTree = "<group>"; };
		F192D7C9A6E81A1AB3DFF30B /* StatusItemController.swift */ = {isa = PBXFileReference; lastKnownFileType = sourcecode.swift; path = StatusItemController.swift; sourceTree = "<group>"; };
		F1DC7BD1E7A26042200E3B2B /* PreferencesDevicesPage.swift */ = {isa = PBXFileReference; lastKnownFileType = sourcecode.swift; path = PreferencesDevicesPage.swift; sourceTree = "<group>"; };
		F419C15AF8C957D43FB3505F /* PreferencesKeyboardPage.swift */ = {isa = PBXFileReference; lastKnownFileType = sourcecode.swift; path = PreferencesKeyboardPage.swift; sourceTree = "<group>"; };
		FAD5EF33BC8D4A49401F7228 /* HUDPresenter.swift */ = {isa = PBXFileReference; lastKnownFileType = sourcecode.swift; path = HUDPresenter.swift; sourceTree = "<group>"; };
		FEF9C1DEDC2CC55D740C8487 /* de */ = {isa = PBXFileReference; lastKnownFileType = text.plist.strings; name = de; path = de.lproj/Localizable.strings; sourceTree = "<group>"; };
		FF9C4F0E2603BB1F8F26431E /* pl */ = {isa = PBXFileReference; lastKnownFileType = text.plist.strings; name = pl; path = pl.lproj/Localizable.strings; sourceTree = "<group>"; };
/* End PBXFileReference section */

/* Begin PBXGroup section */
		16C3D7119294CBB92A7F40CA /* LockMic */ = {
			isa = PBXGroup;
			children = (
				A7A3AA5801FCF8825B85E7A5 /* App */,
				5412D2728D3BC6B022FF6D94 /* Core */,
				7ED25CE35A9A6424C2DFF368 /* UI */,
				8D2502A950B15DDCC9AF681D /* Util */,
			);
			path = LockMic;
			sourceTree = "<group>";
		};
		2A39A4658C15CE0E459475FE = {
			isa = PBXGroup;
			children = (
				4B82F3C0BBC89768CAF74B18 /* Resources */,
				B7AA8551C1E3BA12AAC362E6 /* Sources */,
				3F3CABF53EA52C35F4B55CA6 /* Products */,
			);
			sourceTree = "<group>";
		};
		3F3CABF53EA52C35F4B55CA6 /* Products */ = {
			isa = PBXGroup;
			children = (
				A4DE69CE589C220C182F7AAD /* LockMic.app */,
			);
			name = Products;
			sourceTree = "<group>";
		};
		4B82F3C0BBC89768CAF74B18 /* Resources */ = {
			isa = PBXGroup;
			children = (
				CF5DEA2533E0F79F697B9501 /* Localization */,
				85D3C494D4898BA8C2268DB1 /* Assets.xcassets */,
			);
			path = Resources;
			sourceTree = "<group>";
		};
		5412D2728D3BC6B022FF6D94 /* Core */ = {
			isa = PBXGroup;
			children = (
				D8A8DD329C0A00C7F98AB6DF /* AppInstallMethod.swift */,
				B5DF80557326D4363ECF8311 /* AudioDeviceService.swift */,
				D38D0E203797E6588D537F34 /* CompressedStemWriter.swift */,
				23C3675125FEA46D7196900C /* HotkeyManager.swift */,
				B35F1D3335235FFC0A1CFD00 /* HotkeyTypes.swift */,
				56C0C058BA882C7D377D7002 /* InputDeviceCapture.swift */,
				12E7B26E0035AAB6D481CEFE /* LiveMixer.swift */,
				C47A7A118040E6EF54FF7752 /* MicController.swift */,
				00BF46D371BFBCB0BC6F1628 /* PlaybackTap.swift */,
				402280C03971421D5FC37176 /* PreferencesStore.swift */,
				88D8E3B3E7AC79E5657EB4BD /* RecordingBitRate.swift */,
				D648AE0FEB3920E8A9FA910C /* RecordingDSP.swift */,
				68A1CAC0DBBA0C68A3001DC9 /* RecordingTypes.swift */,
				5EC7728A0646DDB0B80A26E3 /* SessionMix.swift */,
				06ADA52982EF60A0DC607152 /* SessionRecorder.swift */,
				CDE39A650F3FD05056F59A8C /* SoundFeedback.swift */,
				C98EF85571E738D1FB5D06D9 /* SystemAudioAccess.swift */,
				B1B4F82F794FD82FF78EC8B9 /* UpdateChecker.swift */,
				83B05802BA0C62099286E966 /* UsageReporter.swift */,
			);
			path = Core;
			sourceTree = "<group>";
		};
		7ED25CE35A9A6424C2DFF368 /* UI */ = {
			isa = PBXGroup;
			children = (
				481D6112DE20013988EEC0FD /* DockIconRenderer.swift */,
				4BC096BE49444BD1DD7C19BE /* EscapeToCloseWindow.swift */,
				6EFE0DEA6A9D4F148BD30475 /* HotkeyCoordinator.swift */,
				40771CE30E43CEE7B2690B08 /* HotkeyRecorderButton.swift */,
				24381AAC5C63C2B4DEB0E190 /* HUDContentView.swift */,
				500AF84D4D16D9AFA3D3F98C /* HUDHoldKind.swift */,
				D00474B1CB3A02EF7A384B5D /* HUDOverlay.swift */,
				FAD5EF33BC8D4A49401F7228 /* HUDPresenter.swift */,
				3F8F61DC24A2F34968588493 /* PreferencesAboutPage.swift */,
				E14F0285BCCAF4D12DE4858F /* PreferencesChrome.swift */,
				F1DC7BD1E7A26042200E3B2B /* PreferencesDevicesPage.swift */,
				6C96E6DE500850364A23E1BF /* PreferencesGeneralPage.swift */,
				F419C15AF8C957D43FB3505F /* PreferencesKeyboardPage.swift */,
				AB8A0A431336671A517462A4 /* PreferencesRecordingPage.swift */,
				200E9D59454FF5C42F0D7ECB /* PreferencesTab.swift */,
				6D93F1024B71207F8831FB2E /* PreferencesView.swift */,
				DBCDAC13656AB32C933EB7FC /* RecordingCoordinator.swift */,
				22B6B8B3457744193C315C66 /* RecordingMonitorViews.swift */,
				DADF81DCA924E93BBF8497C5 /* RecordingMonitorWindow.swift */,
				F192D7C9A6E81A1AB3DFF30B /* StatusItemController.swift */,
				29B2EEF27306A31B09E7F00C /* StatusItemVisibility.swift */,
				6DCBF140C7338A9FBDC5EA31 /* ThinTransparentScroller.swift */,
			);
			path = UI;
			sourceTree = "<group>";
		};
		8D2502A950B15DDCC9AF681D /* Util */ = {
			isa = PBXGroup;
			children = (
				1F757219C34041FABC16B182 /* Comparable+Clamped.swift */,
				E2ED43090A4E39AD009CCA8E /* L10n.swift */,
			);
			path = Util;
			sourceTree = "<group>";
		};
		A7A3AA5801FCF8825B85E7A5 /* App */ = {
			isa = PBXGroup;
			children = (
				9531C60032267EFA1757D1BC /* AppDelegate.swift */,
				C32C09184D932FCEB0E14261 /* AppInstanceGuard.swift */,
				A51C7D193AC5B7126335223E /* LockMicApp.swift */,
			);
			path = App;
			sourceTree = "<group>";
		};
		B7AA8551C1E3BA12AAC362E6 /* Sources */ = {
			isa = PBXGroup;
			children = (
				16C3D7119294CBB92A7F40CA /* LockMic */,
			);
			path = Sources;
			sourceTree = "<group>";
		};
		CF5DEA2533E0F79F697B9501 /* Localization */ = {
			isa = PBXGroup;
			children = (
				FE0EEB17C43E9CBE1ABED7C2 /* Localizable.strings */,
			);
			path = Localization;
			sourceTree = "<group>";
		};
/* End PBXGroup section */

/* Begin PBXNativeTarget section */
		661F2FDF89B5F9C70A61A0B7 /* LockMic */ = {
			isa = PBXNativeTarget;
			buildConfigurationList = 5266119FE794EA54E207E636 /* Build configuration list for PBXNativeTarget "LockMic" */;
			buildPhases = (
				5C483B2BCCCD98FB9AA074D8 /* Sources */,
				FC1B24A7FC61F0E68A6CCC6F /* Resources */,
			);
			buildRules = (
			);
			dependencies = (
			);
			name = LockMic;
			packageProductDependencies = (
			);
			productName = LockMic;
			productReference = A4DE69CE589C220C182F7AAD /* LockMic.app */;
			productType = "com.apple.product-type.application";
		};
/* End PBXNativeTarget section */

/* Begin PBXProject section */
		56B6648B20EB096606E9BDA3 /* Project object */ = {
			isa = PBXProject;
			attributes = {
				BuildIndependentTargetsInParallel = YES;
				LastUpgradeCheck = 1430;
				TargetAttributes = {
					661F2FDF89B5F9C70A61A0B7 = {
						DevelopmentTeam = "";
						ProvisioningStyle = Automatic;
					};
				};
			};
			buildConfigurationList = B8F756E302A6029099FAA85E /* Build configuration list for PBXProject "LockMic" */;
			developmentRegion = en;
			hasScannedForEncodings = 0;
			knownRegions = (
				Base,
				cs,
				da,
				de,
				el,
				en,
				es,
				fi,
				fr,
				hu,
				it,
				ja,
				ko,
				nb,
				nl,
				pl,
				pt,
				ro,
				ru,
				sr,
				sv,
				tr,
				uk,
				"zh-Hans",
			);
			mainGroup = 2A39A4658C15CE0E459475FE;
			minimizedProjectReferenceProxies = 1;
			preferredProjectObjectVersion = 77;
			productRefGroup = 3F3CABF53EA52C35F4B55CA6 /* Products */;
			projectDirPath = "";
			projectRoot = "";
			targets = (
				661F2FDF89B5F9C70A61A0B7 /* LockMic */,
			);
		};
/* End PBXProject section */

/* Begin PBXResourcesBuildPhase section */
		FC1B24A7FC61F0E68A6CCC6F /* Resources */ = {
			isa = PBXResourcesBuildPhase;
			buildActionMask = 2147483647;
			files = (
				555CB82D8EE959038378C244 /* Assets.xcassets in Resources */,
				0E89DC66FF7DCF6860A235A7 /* Localizable.strings in Resources */,
			);
			runOnlyForDeploymentPostprocessing = 0;
		};
/* End PBXResourcesBuildPhase section */

/* Begin PBXSourcesBuildPhase section */
		5C483B2BCCCD98FB9AA074D8 /* Sources */ = {
			isa = PBXSourcesBuildPhase;
			buildActionMask = 2147483647;
			files = (
				3226526B0E10685261CE34E5 /* AppDelegate.swift in Sources */,
				6507DC18A3CA52D862E30880 /* AppInstallMethod.swift in Sources */,
				7BCF28B6E67FFB6A7D883F39 /* AppInstanceGuard.swift in Sources */,
				ECE73A9B283F6AA42DE51227 /* AudioDeviceService.swift in Sources */,
				958180F202E06B74C7FF70B8 /* Comparable+Clamped.swift in Sources */,
				2BA758F4F6801B9775F202FD /* CompressedStemWriter.swift in Sources */,
				F004DB315B6F5162DE075031 /* DockIconRenderer.swift in Sources */,
				4789507C1B86DFC4DF3F5C1E /* EscapeToCloseWindow.swift in Sources */,
				22D629D37CABB69D24449A23 /* HUDContentView.swift in Sources */,
				BDD8AAD6F773AE812F75400F /* HUDHoldKind.swift in Sources */,
				FEE8EBDBBF2899014964D9EB /* HUDOverlay.swift in Sources */,
				0C3B48037049E1F1622E4C25 /* HUDPresenter.swift in Sources */,
				48D12E627D13B4F676A0E8C3 /* HotkeyCoordinator.swift in Sources */,
				8CF0A20DF5BC136F3B034052 /* HotkeyManager.swift in Sources */,
				E20244D2F3506734EB9D15D9 /* HotkeyRecorderButton.swift in Sources */,
				15DD7D576F72455A28455301 /* HotkeyTypes.swift in Sources */,
				A135303EFDE1E0DDF1395128 /* InputDeviceCapture.swift in Sources */,
				8E88E5B6828241F03284F2FF /* L10n.swift in Sources */,
				AA473EA7E801B173E98DE292 /* LiveMixer.swift in Sources */,
				D1B75AB5E76978F57BA54618 /* LockMicApp.swift in Sources */,
				34D8CB9A6898B6ED6D6475AA /* MicController.swift in Sources */,
				E7476AF3C6061511AF856AB6 /* PlaybackTap.swift in Sources */,
				49AEAEFADFABB85941650D16 /* PreferencesAboutPage.swift in Sources */,
				624805273EFDB53BAC0EA7E0 /* PreferencesChrome.swift in Sources */,
				0C94020926C4E63D80A3167C /* PreferencesDevicesPage.swift in Sources */,
				DD37177C68DB7C1169F1C46D /* PreferencesGeneralPage.swift in Sources */,
				946536A8DD555F0C909F529A /* PreferencesKeyboardPage.swift in Sources */,
				6F86EC406C1C751E39675BFC /* PreferencesRecordingPage.swift in Sources */,
				BA20006664889BFA032B547D /* PreferencesStore.swift in Sources */,
				853BF2D0ACA89BE82704BD63 /* PreferencesTab.swift in Sources */,
				DF99A9504527B6B0E6F48478 /* PreferencesView.swift in Sources */,
				C06BA017129FFBF8FE432315 /* RecordingBitRate.swift in Sources */,
				1F2EE35C311EB17B8016DD27 /* RecordingCoordinator.swift in Sources */,
				ACC18BD5233D2126186035CC /* RecordingDSP.swift in Sources */,
				75232B155DF36CAD79FADA2C /* RecordingMonitorViews.swift in Sources */,
				7E65C79EF56627FECFCA97A3 /* RecordingMonitorWindow.swift in Sources */,
				A76A5A5BAD20A087D0EEAD00 /* RecordingTypes.swift in Sources */,
				0D4A5F4D20A2E31F464F4122 /* SessionMix.swift in Sources */,
				1FF5980AA9BA25AB2AA66B3C /* SessionRecorder.swift in Sources */,
				881AA270D666437B1903E384 /* SoundFeedback.swift in Sources */,
				D2858916A735CF2E761476C5 /* StatusItemController.swift in Sources */,
				22799EC9FE4846702741D29C /* StatusItemVisibility.swift in Sources */,
				11FDC04D4CD38E6311F951D4 /* SystemAudioAccess.swift in Sources */,
				E21C796C5F395CFDEC878645 /* ThinTransparentScroller.swift in Sources */,
				00290C75C906DB3FFF8A8460 /* UpdateChecker.swift in Sources */,
				7AFC779B76AEA8179B52B8D0 /* UsageReporter.swift in Sources */,
			);
			runOnlyForDeploymentPostprocessing = 0;
		};
/* End PBXSourcesBuildPhase section */

/* Begin PBXVariantGroup section */
		FE0EEB17C43E9CBE1ABED7C2 /* Localizable.strings */ = {
			isa = PBXVariantGroup;
			children = (
				7E3364D1BD68964EA0E478CE /* cs */,
				E44C27F2BF7F0A04A52F4C0D /* da */,
				FEF9C1DEDC2CC55D740C8487 /* de */,
				2AD030E987ACB3A7DE02B0CB /* el */,
				49BAD13440689AE6C99DA304 /* en */,
				C6A31B76216FE78E401DB033 /* es */,
				96D23D9BDF660CFB378C08B5 /* fi */,
				E21FA0B63C6558B749761AC8 /* fr */,
				20D4F51BC72B06AE60177E02 /* hu */,
				5C696A9C7623EEF09C24ADDB /* it */,
				D9B302F7FB86DB3FAF07A20E /* ja */,
				273A8EAC41182E9890D9602B /* ko */,
				182A9BCDF590AE38191EA976 /* nb */,
				507F692EF636EDD123B7C354 /* nl */,
				FF9C4F0E2603BB1F8F26431E /* pl */,
				26CB49637ACD31ADA88C6706 /* pt */,
				AD752035FC222C9EE51DA990 /* ro */,
				37710D2E97833DD8E01573D6 /* ru */,
				42A476D4BD52182D45C6E49B /* sr */,
				B0873DBEFA0A8A6FDBCCDF83 /* sv */,
				B5A1F4FAA32D2DF9650CF00C /* tr */,
				A568BC5DAF89AF44EF8E0B80 /* uk */,
				47859F308936372E0F1E1B1B /* zh-Hans */,
			);
			name = Localizable.strings;
			sourceTree = "<group>";
		};
/* End PBXVariantGroup section */

/* Begin XCBuildConfiguration section */
		20F84DEB0DE46FB5D82C88A3 /* Debug */ = {
			isa = XCBuildConfiguration;
			buildSettings = {
				ALWAYS_SEARCH_USER_PATHS = NO;
				CLANG_ANALYZER_NONNULL = YES;
				CLANG_ANALYZER_NUMBER_OBJECT_CONVERSION = YES_AGGRESSIVE;
				CLANG_CXX_LANGUAGE_STANDARD = "gnu++14";
				CLANG_CXX_LIBRARY = "libc++";
				CLANG_ENABLE_MODULES = YES;
				CLANG_ENABLE_OBJC_ARC = YES;
				CLANG_ENABLE_OBJC_WEAK = YES;
				CLANG_WARN_BLOCK_CAPTURE_AUTORELEASING = YES;
				CLANG_WARN_BOOL_CONVERSION = YES;
				CLANG_WARN_COMMA = YES;
				CLANG_WARN_CONSTANT_CONVERSION = YES;
				CLANG_WARN_DEPRECATED_OBJC_IMPLEMENTATIONS = YES;
				CLANG_WARN_DIRECT_OBJC_ISA_USAGE = YES_ERROR;
				CLANG_WARN_DOCUMENTATION_COMMENTS = YES;
				CLANG_WARN_EMPTY_BODY = YES;
				CLANG_WARN_ENUM_CONVERSION = YES;
				CLANG_WARN_INFINITE_RECURSION = YES;
				CLANG_WARN_INT_CONVERSION = YES;
				CLANG_WARN_NON_LITERAL_NULL_CONVERSION = YES;
				CLANG_WARN_OBJC_IMPLICIT_RETAIN_SELF = YES;
				CLANG_WARN_OBJC_LITERAL_CONVERSION = YES;
				CLANG_WARN_OBJC_ROOT_CLASS = YES_ERROR;
				CLANG_WARN_QUOTED_INCLUDE_IN_FRAMEWORK_HEADER = YES;
				CLANG_WARN_RANGE_LOOP_ANALYSIS = YES;
				CLANG_WARN_STRICT_PROTOTYPES = YES;
				CLANG_WARN_SUSPICIOUS_MOVE = YES;
				CLANG_WARN_UNGUARDED_AVAILABILITY = YES_AGGRESSIVE;
				CLANG_WARN_UNREACHABLE_CODE = YES;
				CLANG_WARN__DUPLICATE_METHOD_MATCH = YES;
				CODE_SIGN_STYLE = Automatic;
				COPY_PHASE_STRIP = NO;
				CURRENT_PROJECT_VERSION = 164;
				DEBUG_INFORMATION_FORMAT = dwarf;
				DEVELOPMENT_LANGUAGE = en;
				DEVELOPMENT_TEAM = "";
				ENABLE_HARDENED_RUNTIME = YES;
				ENABLE_STRICT_OBJC_MSGSEND = YES;
				ENABLE_TESTABILITY = YES;
				GCC_C_LANGUAGE_STANDARD = gnu11;
				GCC_DYNAMIC_NO_PIC = NO;
				GCC_NO_COMMON_BLOCKS = YES;
				GCC_OPTIMIZATION_LEVEL = 0;
				GCC_PREPROCESSOR_DEFINITIONS = (
					"$(inherited)",
					"DEBUG=1",
				);
				GCC_WARN_64_TO_32_BIT_CONVERSION = YES;
				GCC_WARN_ABOUT_RETURN_TYPE = YES_ERROR;
				GCC_WARN_UNDECLARED_SELECTOR = YES;
				GCC_WARN_UNINITIALIZED_AUTOS = YES_AGGRESSIVE;
				GCC_WARN_UNUSED_FUNCTION = YES;
				GCC_WARN_UNUSED_VARIABLE = YES;
				MACOSX_DEPLOYMENT_TARGET = 14.0;
				MARKETING_VERSION = 1.4.24;
				MTL_ENABLE_DEBUG_INFO = INCLUDE_SOURCE;
				MTL_FAST_MATH = YES;
				ONLY_ACTIVE_ARCH = YES;
				PRODUCT_NAME = LockMic;
				SDKROOT = macosx;
				SWIFT_ACTIVE_COMPILATION_CONDITIONS = DEBUG;
				SWIFT_OPTIMIZATION_LEVEL = "-Onone";
				SWIFT_VERSION = 5.0;
			};
			name = Debug;
		};
		83D0A38C054B76736AD7A335 /* Release */ = {
			isa = XCBuildConfiguration;
			buildSettings = {
				ASSETCATALOG_COMPILER_APPICON_NAME = AppIcon;
				CODE_SIGN_ENTITLEMENTS = Resources/LockMic.entitlements;
				COMBINE_HIDPI_IMAGES = YES;
				CURRENT_PROJECT_VERSION = 164;
				GENERATE_INFOPLIST_FILE = NO;
				INFOPLIST_FILE = Resources/Info.plist;
				LD_RUNPATH_SEARCH_PATHS = "@executable_path/../Frameworks";
				LOCALIZATION_PREFERS_STRING_CATALOGS = NO;
				MARKETING_VERSION = 1.4.24;
				PRODUCT_BUNDLE_IDENTIFIER = com.lockmic.app;
				SDKROOT = macosx;
				SWIFT_EMIT_LOC_STRINGS = NO;
			};
			name = Release;
		};
		8C8E6906F79D9E17FDCB6162 /* Release */ = {
			isa = XCBuildConfiguration;
			buildSettings = {
				ALWAYS_SEARCH_USER_PATHS = NO;
				CLANG_ANALYZER_NONNULL = YES;
				CLANG_ANALYZER_NUMBER_OBJECT_CONVERSION = YES_AGGRESSIVE;
				CLANG_CXX_LANGUAGE_STANDARD = "gnu++14";
				CLANG_CXX_LIBRARY = "libc++";
				CLANG_ENABLE_MODULES = YES;
				CLANG_ENABLE_OBJC_ARC = YES;
				CLANG_ENABLE_OBJC_WEAK = YES;
				CLANG_WARN_BLOCK_CAPTURE_AUTORELEASING = YES;
				CLANG_WARN_BOOL_CONVERSION = YES;
				CLANG_WARN_COMMA = YES;
				CLANG_WARN_CONSTANT_CONVERSION = YES;
				CLANG_WARN_DEPRECATED_OBJC_IMPLEMENTATIONS = YES;
				CLANG_WARN_DIRECT_OBJC_ISA_USAGE = YES_ERROR;
				CLANG_WARN_DOCUMENTATION_COMMENTS = YES;
				CLANG_WARN_EMPTY_BODY = YES;
				CLANG_WARN_ENUM_CONVERSION = YES;
				CLANG_WARN_INFINITE_RECURSION = YES;
				CLANG_WARN_INT_CONVERSION = YES;
				CLANG_WARN_NON_LITERAL_NULL_CONVERSION = YES;
				CLANG_WARN_OBJC_IMPLICIT_RETAIN_SELF = YES;
				CLANG_WARN_OBJC_LITERAL_CONVERSION = YES;
				CLANG_WARN_OBJC_ROOT_CLASS = YES_ERROR;
				CLANG_WARN_QUOTED_INCLUDE_IN_FRAMEWORK_HEADER = YES;
				CLANG_WARN_RANGE_LOOP_ANALYSIS = YES;
				CLANG_WARN_STRICT_PROTOTYPES = YES;
				CLANG_WARN_SUSPICIOUS_MOVE = YES;
				CLANG_WARN_UNGUARDED_AVAILABILITY = YES_AGGRESSIVE;
				CLANG_WARN_UNREACHABLE_CODE = YES;
				CLANG_WARN__DUPLICATE_METHOD_MATCH = YES;
				CODE_SIGN_STYLE = Automatic;
				COPY_PHASE_STRIP = NO;
				CURRENT_PROJECT_VERSION = 164;
				DEBUG_INFORMATION_FORMAT = "dwarf-with-dsym";
				DEVELOPMENT_LANGUAGE = en;
				DEVELOPMENT_TEAM = "";
				ENABLE_HARDENED_RUNTIME = YES;
				ENABLE_NS_ASSERTIONS = NO;
				ENABLE_STRICT_OBJC_MSGSEND = YES;
				GCC_C_LANGUAGE_STANDARD = gnu11;
				GCC_NO_COMMON_BLOCKS = YES;
				GCC_WARN_64_TO_32_BIT_CONVERSION = YES;
				GCC_WARN_ABOUT_RETURN_TYPE = YES_ERROR;
				GCC_WARN_UNDECLARED_SELECTOR = YES;
				GCC_WARN_UNINITIALIZED_AUTOS = YES_AGGRESSIVE;
				GCC_WARN_UNUSED_FUNCTION = YES;
				GCC_WARN_UNUSED_VARIABLE = YES;
				MACOSX_DEPLOYMENT_TARGET = 14.0;
				MARKETING_VERSION = 1.4.24;
				MTL_ENABLE_DEBUG_INFO = NO;
				MTL_FAST_MATH = YES;
				PRODUCT_NAME = LockMic;
				SDKROOT = macosx;
				SWIFT_COMPILATION_MODE = wholemodule;
				SWIFT_OPTIMIZATION_LEVEL = "-O";
				SWIFT_VERSION = 5.0;
			};
			name = Release;
		};
		A79D8053AA2E14EBF82B38F1 /* Debug */ = {
			isa = XCBuildConfiguration;
			buildSettings = {
				ASSETCATALOG_COMPILER_APPICON_NAME = AppIcon;
				CODE_SIGN_ENTITLEMENTS = Resources/LockMic.entitlements;
				COMBINE_HIDPI_IMAGES = YES;
				CURRENT_PROJECT_VERSION = 164;
				GENERATE_INFOPLIST_FILE = NO;
				INFOPLIST_FILE = Resources/Info.plist;
				LD_RUNPATH_SEARCH_PATHS = "@executable_path/../Frameworks";
				LOCALIZATION_PREFERS_STRING_CATALOGS = NO;
				MARKETING_VERSION = 1.4.24;
				PRODUCT_BUNDLE_IDENTIFIER = com.lockmic.app;
				SDKROOT = macosx;
				SWIFT_EMIT_LOC_STRINGS = NO;
			};
			name = Debug;
		};
/* End XCBuildConfiguration section */

/* Begin XCConfigurationList section */
		5266119FE794EA54E207E636 /* Build configuration list for PBXNativeTarget "LockMic" */ = {
			isa = XCConfigurationList;
			buildConfigurations = (
				A79D8053AA2E14EBF82B38F1 /* Debug */,
				83D0A38C054B76736AD7A335 /* Release */,
			);
			defaultConfigurationIsVisible = 0;
			defaultConfigurationName = Debug;
		};
		B8F756E302A6029099FAA85E /* Build configuration list for PBXProject "LockMic" */ = {
			isa = XCConfigurationList;
			buildConfigurations = (
				20F84DEB0DE46FB5D82C88A3 /* Debug */,
				8C8E6906F79D9E17FDCB6162 /* Release */,
			);
			defaultConfigurationIsVisible = 0;
			defaultConfigurationName = Debug;
		};
/* End XCConfigurationList section */
	};
	rootObject = 56B6648B20EB096606E9BDA3 /* Project object */;
}
