// !$*UTF8*$!
{
	archiveVersion = 1;
	classes = {
	};
	objectVersion = 77;
	objects = {

/* Begin PBXBuildFile section */
		0C94020926C4E63D80A3167C /* PreferencesDevicesPage.swift in Sources */ = {isa = PBXBuildFile; fileRef = F1DC7BD1E7A26042200E3B2B /* PreferencesDevicesPage.swift */; };
		15DD7D576F72455A28455301 /* HotkeyTypes.swift in Sources */ = {isa = PBXBuildFile; fileRef = B35F1D3335235FFC0A1CFD00 /* HotkeyTypes.swift */; };
		22D629D37CABB69D24449A23 /* HUDContentView.swift in Sources */ = {isa = PBXBuildFile; fileRef = 24381AAC5C63C2B4DEB0E190 /* HUDContentView.swift */; };
		3226526B0E10685261CE34E5 /* AppDelegate.swift in Sources */ = {isa = PBXBuildFile; fileRef = 9531C60032267EFA1757D1BC /* AppDelegate.swift */; };
		34D8CB9A6898B6ED6D6475AA /* MicController.swift in Sources */ = {isa = PBXBuildFile; fileRef = C47A7A118040E6EF54FF7752 /* MicController.swift */; };
		4789507C1B86DFC4DF3F5C1E /* EscapeToCloseWindow.swift in Sources */ = {isa = PBXBuildFile; fileRef = 4BC096BE49444BD1DD7C19BE /* EscapeToCloseWindow.swift */; };
		49AEAEFADFABB85941650D16 /* PreferencesAboutPage.swift in Sources */ = {isa = PBXBuildFile; fileRef = 3F8F61DC24A2F34968588493 /* PreferencesAboutPage.swift */; };
		555CB82D8EE959038378C244 /* Assets.xcassets in Resources */ = {isa = PBXBuildFile; fileRef = 85D3C494D4898BA8C2268DB1 /* Assets.xcassets */; };
		624805273EFDB53BAC0EA7E0 /* PreferencesChrome.swift in Sources */ = {isa = PBXBuildFile; fileRef = E14F0285BCCAF4D12DE4858F /* PreferencesChrome.swift */; };
		853BF2D0ACA89BE82704BD63 /* PreferencesTab.swift in Sources */ = {isa = PBXBuildFile; fileRef = 200E9D59454FF5C42F0D7ECB /* PreferencesTab.swift */; };
		881AA270D666437B1903E384 /* SoundFeedback.swift in Sources */ = {isa = PBXBuildFile; fileRef = CDE39A650F3FD05056F59A8C /* SoundFeedback.swift */; };
		8CF0A20DF5BC136F3B034052 /* HotkeyManager.swift in Sources */ = {isa = PBXBuildFile; fileRef = 23C3675125FEA46D7196900C /* HotkeyManager.swift */; };
		946536A8DD555F0C909F529A /* PreferencesKeyboardPage.swift in Sources */ = {isa = PBXBuildFile; fileRef = F419C15AF8C957D43FB3505F /* PreferencesKeyboardPage.swift */; };
		958180F202E06B74C7FF70B8 /* Comparable+Clamped.swift in Sources */ = {isa = PBXBuildFile; fileRef = 1F757219C34041FABC16B182 /* Comparable+Clamped.swift */; };
		BA20006664889BFA032B547D /* PreferencesStore.swift in Sources */ = {isa = PBXBuildFile; fileRef = 402280C03971421D5FC37176 /* PreferencesStore.swift */; };
		BDD8AAD6F773AE812F75400F /* HUDHoldKind.swift in Sources */ = {isa = PBXBuildFile; fileRef = 500AF84D4D16D9AFA3D3F98C /* HUDHoldKind.swift */; };
		D1B75AB5E76978F57BA54618 /* LockMicApp.swift in Sources */ = {isa = PBXBuildFile; fileRef = A51C7D193AC5B7126335223E /* LockMicApp.swift */; };
		D2858916A735CF2E761476C5 /* StatusItemController.swift in Sources */ = {isa = PBXBuildFile; fileRef = F192D7C9A6E81A1AB3DFF30B /* StatusItemController.swift */; };
		DD37177C68DB7C1169F1C46D /* PreferencesGeneralPage.swift in Sources */ = {isa = PBXBuildFile; fileRef = 6C96E6DE500850364A23E1BF /* PreferencesGeneralPage.swift */; };
		DF99A9504527B6B0E6F48478 /* PreferencesView.swift in Sources */ = {isa = PBXBuildFile; fileRef = 6D93F1024B71207F8831FB2E /* PreferencesView.swift */; };
		E20244D2F3506734EB9D15D9 /* HotkeyRecorderButton.swift in Sources */ = {isa = PBXBuildFile; fileRef = 40771CE30E43CEE7B2690B08 /* HotkeyRecorderButton.swift */; };
		ECE73A9B283F6AA42DE51227 /* AudioDeviceService.swift in Sources */ = {isa = PBXBuildFile; fileRef = B5DF80557326D4363ECF8311 /* AudioDeviceService.swift */; };
		FEE8EBDBBF2899014964D9EB /* HUDOverlay.swift in Sources */ = {isa = PBXBuildFile; fileRef = D00474B1CB3A02EF7A384B5D /* HUDOverlay.swift */; };
/* End PBXBuildFile section */

/* Begin PBXFileReference section */
		1F757219C34041FABC16B182 /* Comparable+Clamped.swift */ = {isa = PBXFileReference; lastKnownFileType = sourcecode.swift; path = "Comparable+Clamped.swift"; sourceTree = "<group>"; };
		200E9D59454FF5C42F0D7ECB /* PreferencesTab.swift */ = {isa = PBXFileReference; lastKnownFileType = sourcecode.swift; path = PreferencesTab.swift; sourceTree = "<group>"; };
		23C3675125FEA46D7196900C /* HotkeyManager.swift */ = {isa = PBXFileReference; lastKnownFileType = sourcecode.swift; path = HotkeyManager.swift; sourceTree = "<group>"; };
		24381AAC5C63C2B4DEB0E190 /* HUDContentView.swift */ = {isa = PBXFileReference; lastKnownFileType = sourcecode.swift; path = HUDContentView.swift; sourceTree = "<group>"; };
		3F8F61DC24A2F34968588493 /* PreferencesAboutPage.swift */ = {isa = PBXFileReference; lastKnownFileType = sourcecode.swift; path = PreferencesAboutPage.swift; sourceTree = "<group>"; };
		402280C03971421D5FC37176 /* PreferencesStore.swift */ = {isa = PBXFileReference; lastKnownFileType = sourcecode.swift; path = PreferencesStore.swift; sourceTree = "<group>"; };
		40771CE30E43CEE7B2690B08 /* HotkeyRecorderButton.swift */ = {isa = PBXFileReference; lastKnownFileType = sourcecode.swift; path = HotkeyRecorderButton.swift; sourceTree = "<group>"; };
		4BC096BE49444BD1DD7C19BE /* EscapeToCloseWindow.swift */ = {isa = PBXFileReference; lastKnownFileType = sourcecode.swift; path = EscapeToCloseWindow.swift; sourceTree = "<group>"; };
		500AF84D4D16D9AFA3D3F98C /* HUDHoldKind.swift */ = {isa = PBXFileReference; lastKnownFileType = sourcecode.swift; path = HUDHoldKind.swift; sourceTree = "<group>"; };
		6C96E6DE500850364A23E1BF /* PreferencesGeneralPage.swift */ = {isa = PBXFileReference; lastKnownFileType = sourcecode.swift; path = PreferencesGeneralPage.swift; sourceTree = "<group>"; };
		6D93F1024B71207F8831FB2E /* PreferencesView.swift */ = {isa = PBXFileReference; lastKnownFileType = sourcecode.swift; path = PreferencesView.swift; sourceTree = "<group>"; };
		85D3C494D4898BA8C2268DB1 /* Assets.xcassets */ = {isa = PBXFileReference; lastKnownFileType = folder.assetcatalog; path = Assets.xcassets; sourceTree = "<group>"; };
		9531C60032267EFA1757D1BC /* AppDelegate.swift */ = {isa = PBXFileReference; lastKnownFileType = sourcecode.swift; path = AppDelegate.swift; sourceTree = "<group>"; };
		A4DE69CE589C220C182F7AAD /* LockMic.app */ = {isa = PBXFileReference; explicitFileType = wrapper.application; includeInIndex = 0; path = LockMic.app; sourceTree = BUILT_PRODUCTS_DIR; };
		A51C7D193AC5B7126335223E /* LockMicApp.swift */ = {isa = PBXFileReference; lastKnownFileType = sourcecode.swift; path = LockMicApp.swift; sourceTree = "<group>"; };
		B35F1D3335235FFC0A1CFD00 /* HotkeyTypes.swift */ = {isa = PBXFileReference; lastKnownFileType = sourcecode.swift; path = HotkeyTypes.swift; sourceTree = "<group>"; };
		B5DF80557326D4363ECF8311 /* AudioDeviceService.swift */ = {isa = PBXFileReference; lastKnownFileType = sourcecode.swift; path = AudioDeviceService.swift; sourceTree = "<group>"; };
		C47A7A118040E6EF54FF7752 /* MicController.swift */ = {isa = PBXFileReference; lastKnownFileType = sourcecode.swift; path = MicController.swift; sourceTree = "<group>"; };
		CDE39A650F3FD05056F59A8C /* SoundFeedback.swift */ = {isa = PBXFileReference; lastKnownFileType = sourcecode.swift; path = SoundFeedback.swift; sourceTree = "<group>"; };
		D00474B1CB3A02EF7A384B5D /* HUDOverlay.swift */ = {isa = PBXFileReference; lastKnownFileType = sourcecode.swift; path = HUDOverlay.swift; sourceTree = "<group>"; };
		E14F0285BCCAF4D12DE4858F /* PreferencesChrome.swift */ = {isa = PBXFileReference; lastKnownFileType = sourcecode.swift; path = PreferencesChrome.swift; sourceTree = "<group>"; };
		F192D7C9A6E81A1AB3DFF30B /* StatusItemController.swift */ = {isa = PBXFileReference; lastKnownFileType = sourcecode.swift; path = StatusItemController.swift; sourceTree = "<group>"; };
		F1DC7BD1E7A26042200E3B2B /* PreferencesDevicesPage.swift */ = {isa = PBXFileReference; lastKnownFileType = sourcecode.swift; path = PreferencesDevicesPage.swift; sourceTree = "<group>"; };
		F419C15AF8C957D43FB3505F /* PreferencesKeyboardPage.swift */ = {isa = PBXFileReference; lastKnownFileType = sourcecode.swift; path = PreferencesKeyboardPage.swift; sourceTree = "<group>"; };
/* End PBXFileReference section */

/* Begin PBXGroup section */
		16C3D7119294CBB92A7F40CA /* LockMic */ = {
			isa = PBXGroup;
			children = (
				A7A3AA5801FCF8825B85E7A5 /* App */,
				5412D2728D3BC6B022FF6D94 /* Core */,
				7ED25CE35A9A6424C2DFF368 /* UI */,
				8D2502A950B15DDCC9AF681D /* Util */,
			);
			path = LockMic;
			sourceTree = "<group>";
		};
		2A39A4658C15CE0E459475FE = {
			isa = PBXGroup;
			children = (
				4B82F3C0BBC89768CAF74B18 /* Resources */,
				B7AA8551C1E3BA12AAC362E6 /* Sources */,
				3F3CABF53EA52C35F4B55CA6 /* Products */,
			);
			sourceTree = "<group>";
		};
		3F3CABF53EA52C35F4B55CA6 /* Products */ = {
			isa = PBXGroup;
			children = (
				A4DE69CE589C220C182F7AAD /* LockMic.app */,
			);
			name = Products;
			sourceTree = "<group>";
		};
		4B82F3C0BBC89768CAF74B18 /* Resources */ = {
			isa = PBXGroup;
			children = (
				85D3C494D4898BA8C2268DB1 /* Assets.xcassets */,
			);
			path = Resources;
			sourceTree = "<group>";
		};
		5412D2728D3BC6B022FF6D94 /* Core */ = {
			isa = PBXGroup;
			children = (
				B5DF80557326D4363ECF8311 /* AudioDeviceService.swift */,
				23C3675125FEA46D7196900C /* HotkeyManager.swift */,
				B35F1D3335235FFC0A1CFD00 /* HotkeyTypes.swift */,
				C47A7A118040E6EF54FF7752 /* MicController.swift */,
				402280C03971421D5FC37176 /* PreferencesStore.swift */,
				CDE39A650F3FD05056F59A8C /* SoundFeedback.swift */,
			);
			path = Core;
			sourceTree = "<group>";
		};
		7ED25CE35A9A6424C2DFF368 /* UI */ = {
			isa = PBXGroup;
			children = (
				4BC096BE49444BD1DD7C19BE /* EscapeToCloseWindow.swift */,
				40771CE30E43CEE7B2690B08 /* HotkeyRecorderButton.swift */,
				24381AAC5C63C2B4DEB0E190 /* HUDContentView.swift */,
				500AF84D4D16D9AFA3D3F98C /* HUDHoldKind.swift */,
				D00474B1CB3A02EF7A384B5D /* HUDOverlay.swift */,
				3F8F61DC24A2F34968588493 /* PreferencesAboutPage.swift */,
				E14F0285BCCAF4D12DE4858F /* PreferencesChrome.swift */,
				F1DC7BD1E7A26042200E3B2B /* PreferencesDevicesPage.swift */,
				6C96E6DE500850364A23E1BF /* PreferencesGeneralPage.swift */,
				F419C15AF8C957D43FB3505F /* PreferencesKeyboardPage.swift */,
				200E9D59454FF5C42F0D7ECB /* PreferencesTab.swift */,
				6D93F1024B71207F8831FB2E /* PreferencesView.swift */,
				F192D7C9A6E81A1AB3DFF30B /* StatusItemController.swift */,
			);
			path = UI;
			sourceTree = "<group>";
		};
		8D2502A950B15DDCC9AF681D /* Util */ = {
			isa = PBXGroup;
			children = (
				1F757219C34041FABC16B182 /* Comparable+Clamped.swift */,
			);
			path = Util;
			sourceTree = "<group>";
		};
		A7A3AA5801FCF8825B85E7A5 /* App */ = {
			isa = PBXGroup;
			children = (
				9531C60032267EFA1757D1BC /* AppDelegate.swift */,
				A51C7D193AC5B7126335223E /* LockMicApp.swift */,
			);
			path = App;
			sourceTree = "<group>";
		};
		B7AA8551C1E3BA12AAC362E6 /* Sources */ = {
			isa = PBXGroup;
			children = (
				16C3D7119294CBB92A7F40CA /* LockMic */,
			);
			path = Sources;
			sourceTree = "<group>";
		};
/* End PBXGroup section */

/* Begin PBXNativeTarget section */
		661F2FDF89B5F9C70A61A0B7 /* LockMic */ = {
			isa = PBXNativeTarget;
			buildConfigurationList = 5266119FE794EA54E207E636 /* Build configuration list for PBXNativeTarget "LockMic" */;
			buildPhases = (
				5C483B2BCCCD98FB9AA074D8 /* Sources */,
				FC1B24A7FC61F0E68A6CCC6F /* Resources */,
			);
			buildRules = (
			);
			dependencies = (
			);
			name = LockMic;
			packageProductDependencies = (
			);
			productName = LockMic;
			productReference = A4DE69CE589C220C182F7AAD /* LockMic.app */;
			productType = "com.apple.product-type.application";
		};
/* End PBXNativeTarget section */

/* Begin PBXProject section */
		56B6648B20EB096606E9BDA3 /* Project object */ = {
			isa = PBXProject;
			attributes = {
				BuildIndependentTargetsInParallel = YES;
				LastUpgradeCheck = 1430;
				TargetAttributes = {
					661F2FDF89B5F9C70A61A0B7 = {
						DevelopmentTeam = "";
						ProvisioningStyle = Automatic;
					};
				};
			};
			buildConfigurationList = B8F756E302A6029099FAA85E /* Build configuration list for PBXProject "LockMic" */;
			developmentRegion = en;
			hasScannedForEncodings = 0;
			knownRegions = (
				Base,
				en,
			);
			mainGroup = 2A39A4658C15CE0E459475FE;
			minimizedProjectReferenceProxies = 1;
			preferredProjectObjectVersion = 77;
			productRefGroup = 3F3CABF53EA52C35F4B55CA6 /* Products */;
			projectDirPath = "";
			projectRoot = "";
			targets = (
				661F2FDF89B5F9C70A61A0B7 /* LockMic */,
			);
		};
/* End PBXProject section */

/* Begin PBXResourcesBuildPhase section */
		FC1B24A7FC61F0E68A6CCC6F /* Resources */ = {
			isa = PBXResourcesBuildPhase;
			buildActionMask = 2147483647;
			files = (
				555CB82D8EE959038378C244 /* Assets.xcassets in Resources */,
			);
			runOnlyForDeploymentPostprocessing = 0;
		};
/* End PBXResourcesBuildPhase section */

/* Begin PBXSourcesBuildPhase section */
		5C483B2BCCCD98FB9AA074D8 /* Sources */ = {
			isa = PBXSourcesBuildPhase;
			buildActionMask = 2147483647;
			files = (
				3226526B0E10685261CE34E5 /* AppDelegate.swift in Sources */,
				ECE73A9B283F6AA42DE51227 /* AudioDeviceService.swift in Sources */,
				958180F202E06B74C7FF70B8 /* Comparable+Clamped.swift in Sources */,
				4789507C1B86DFC4DF3F5C1E /* EscapeToCloseWindow.swift in Sources */,
				22D629D37CABB69D24449A23 /* HUDContentView.swift in Sources */,
				BDD8AAD6F773AE812F75400F /* HUDHoldKind.swift in Sources */,
				FEE8EBDBBF2899014964D9EB /* HUDOverlay.swift in Sources */,
				8CF0A20DF5BC136F3B034052 /* HotkeyManager.swift in Sources */,
				E20244D2F3506734EB9D15D9 /* HotkeyRecorderButton.swift in Sources */,
				15DD7D576F72455A28455301 /* HotkeyTypes.swift in Sources */,
				D1B75AB5E76978F57BA54618 /* LockMicApp.swift in Sources */,
				34D8CB9A6898B6ED6D6475AA /* MicController.swift in Sources */,
				49AEAEFADFABB85941650D16 /* PreferencesAboutPage.swift in Sources */,
				624805273EFDB53BAC0EA7E0 /* PreferencesChrome.swift in Sources */,
				0C94020926C4E63D80A3167C /* PreferencesDevicesPage.swift in Sources */,
				DD37177C68DB7C1169F1C46D /* PreferencesGeneralPage.swift in Sources */,
				946536A8DD555F0C909F529A /* PreferencesKeyboardPage.swift in Sources */,
				BA20006664889BFA032B547D /* PreferencesStore.swift in Sources */,
				853BF2D0ACA89BE82704BD63 /* PreferencesTab.swift in Sources */,
				DF99A9504527B6B0E6F48478 /* PreferencesView.swift in Sources */,
				881AA270D666437B1903E384 /* SoundFeedback.swift in Sources */,
				D2858916A735CF2E761476C5 /* StatusItemController.swift in Sources */,
			);
			runOnlyForDeploymentPostprocessing = 0;
		};
/* End PBXSourcesBuildPhase section */

/* Begin XCBuildConfiguration section */
		20F84DEB0DE46FB5D82C88A3 /* Debug */ = {
			isa = XCBuildConfiguration;
			buildSettings = {
				ALWAYS_SEARCH_USER_PATHS = NO;
				CLANG_ANALYZER_NONNULL = YES;
				CLANG_ANALYZER_NUMBER_OBJECT_CONVERSION = YES_AGGRESSIVE;
				CLANG_CXX_LANGUAGE_STANDARD = "gnu++14";
				CLANG_CXX_LIBRARY = "libc++";
				CLANG_ENABLE_MODULES = YES;
				CLANG_ENABLE_OBJC_ARC = YES;
				CLANG_ENABLE_OBJC_WEAK = YES;
				CLANG_WARN_BLOCK_CAPTURE_AUTORELEASING = YES;
				CLANG_WARN_BOOL_CONVERSION = YES;
				CLANG_WARN_COMMA = YES;
				CLANG_WARN_CONSTANT_CONVERSION = YES;
				CLANG_WARN_DEPRECATED_OBJC_IMPLEMENTATIONS = YES;
				CLANG_WARN_DIRECT_OBJC_ISA_USAGE = YES_ERROR;
				CLANG_WARN_DOCUMENTATION_COMMENTS = YES;
				CLANG_WARN_EMPTY_BODY = YES;
				CLANG_WARN_ENUM_CONVERSION = YES;
				CLANG_WARN_INFINITE_RECURSION = YES;
				CLANG_WARN_INT_CONVERSION = YES;
				CLANG_WARN_NON_LITERAL_NULL_CONVERSION = YES;
				CLANG_WARN_OBJC_IMPLICIT_RETAIN_SELF = YES;
				CLANG_WARN_OBJC_LITERAL_CONVERSION = YES;
				CLANG_WARN_OBJC_ROOT_CLASS = YES_ERROR;
				CLANG_WARN_QUOTED_INCLUDE_IN_FRAMEWORK_HEADER = YES;
				CLANG_WARN_RANGE_LOOP_ANALYSIS = YES;
				CLANG_WARN_STRICT_PROTOTYPES = YES;
				CLANG_WARN_SUSPICIOUS_MOVE = YES;
				CLANG_WARN_UNGUARDED_AVAILABILITY = YES_AGGRESSIVE;
				CLANG_WARN_UNREACHABLE_CODE = YES;
				CLANG_WARN__DUPLICATE_METHOD_MATCH = YES;
				CODE_SIGN_STYLE = Automatic;
				COPY_PHASE_STRIP = NO;
				CURRENT_PROJECT_VERSION = 120;
				DEBUG_INFORMATION_FORMAT = dwarf;
				DEVELOPMENT_TEAM = "";
				ENABLE_HARDENED_RUNTIME = YES;
				ENABLE_STRICT_OBJC_MSGSEND = YES;
				ENABLE_TESTABILITY = YES;
				GCC_C_LANGUAGE_STANDARD = gnu11;
				GCC_DYNAMIC_NO_PIC = NO;
				GCC_NO_COMMON_BLOCKS = YES;
				GCC_OPTIMIZATION_LEVEL = 0;
				GCC_PREPROCESSOR_DEFINITIONS = (
					"$(inherited)",
					"DEBUG=1",
				);
				GCC_WARN_64_TO_32_BIT_CONVERSION = YES;
				GCC_WARN_ABOUT_RETURN_TYPE = YES_ERROR;
				GCC_WARN_UNDECLARED_SELECTOR = YES;
				GCC_WARN_UNINITIALIZED_AUTOS = YES_AGGRESSIVE;
				GCC_WARN_UNUSED_FUNCTION = YES;
				GCC_WARN_UNUSED_VARIABLE = YES;
				MACOSX_DEPLOYMENT_TARGET = 14.0;
				MARKETING_VERSION = 1.2.0;
				MTL_ENABLE_DEBUG_INFO = INCLUDE_SOURCE;
				MTL_FAST_MATH = YES;
				ONLY_ACTIVE_ARCH = YES;
				PRODUCT_NAME = LockMic;
				SDKROOT = macosx;
				SWIFT_ACTIVE_COMPILATION_CONDITIONS = DEBUG;
				SWIFT_OPTIMIZATION_LEVEL = "-Onone";
				SWIFT_VERSION = 5.0;
			};
			name = Debug;
		};
		83D0A38C054B76736AD7A335 /* Release */ = {
			isa = XCBuildConfiguration;
			buildSettings = {
				ASSETCATALOG_COMPILER_APPICON_NAME = AppIcon;
				CODE_SIGN_ENTITLEMENTS = Resources/LockMic.entitlements;
				COMBINE_HIDPI_IMAGES = YES;
				CURRENT_PROJECT_VERSION = 120;
				GENERATE_INFOPLIST_FILE = NO;
				INFOPLIST_FILE = Resources/Info.plist;
				LD_RUNPATH_SEARCH_PATHS = "@executable_path/../Frameworks";
				MARKETING_VERSION = 1.2.0;
				PRODUCT_BUNDLE_IDENTIFIER = com.lockmic.app;
				SDKROOT = macosx;
				SWIFT_EMIT_LOC_STRINGS = YES;
			};
			name = Release;
		};
		8C8E6906F79D9E17FDCB6162 /* Release */ = {
			isa = XCBuildConfiguration;
			buildSettings = {
				ALWAYS_SEARCH_USER_PATHS = NO;
				CLANG_ANALYZER_NONNULL = YES;
				CLANG_ANALYZER_NUMBER_OBJECT_CONVERSION = YES_AGGRESSIVE;
				CLANG_CXX_LANGUAGE_STANDARD = "gnu++14";
				CLANG_CXX_LIBRARY = "libc++";
				CLANG_ENABLE_MODULES = YES;
				CLANG_ENABLE_OBJC_ARC = YES;
				CLANG_ENABLE_OBJC_WEAK = YES;
				CLANG_WARN_BLOCK_CAPTURE_AUTORELEASING = YES;
				CLANG_WARN_BOOL_CONVERSION = YES;
				CLANG_WARN_COMMA = YES;
				CLANG_WARN_CONSTANT_CONVERSION = YES;
				CLANG_WARN_DEPRECATED_OBJC_IMPLEMENTATIONS = YES;
				CLANG_WARN_DIRECT_OBJC_ISA_USAGE = YES_ERROR;
				CLANG_WARN_DOCUMENTATION_COMMENTS = YES;
				CLANG_WARN_EMPTY_BODY = YES;
				CLANG_WARN_ENUM_CONVERSION = YES;
				CLANG_WARN_INFINITE_RECURSION = YES;
				CLANG_WARN_INT_CONVERSION = YES;
				CLANG_WARN_NON_LITERAL_NULL_CONVERSION = YES;
				CLANG_WARN_OBJC_IMPLICIT_RETAIN_SELF = YES;
				CLANG_WARN_OBJC_LITERAL_CONVERSION = YES;
				CLANG_WARN_OBJC_ROOT_CLASS = YES_ERROR;
				CLANG_WARN_QUOTED_INCLUDE_IN_FRAMEWORK_HEADER = YES;
				CLANG_WARN_RANGE_LOOP_ANALYSIS = YES;
				CLANG_WARN_STRICT_PROTOTYPES = YES;
				CLANG_WARN_SUSPICIOUS_MOVE = YES;
				CLANG_WARN_UNGUARDED_AVAILABILITY = YES_AGGRESSIVE;
				CLANG_WARN_UNREACHABLE_CODE = YES;
				CLANG_WARN__DUPLICATE_METHOD_MATCH = YES;
				CODE_SIGN_STYLE = Automatic;
				COPY_PHASE_STRIP = NO;
				CURRENT_PROJECT_VERSION = 120;
				DEBUG_INFORMATION_FORMAT = "dwarf-with-dsym";
				DEVELOPMENT_TEAM = "";
				ENABLE_HARDENED_RUNTIME = YES;
				ENABLE_NS_ASSERTIONS = NO;
				ENABLE_STRICT_OBJC_MSGSEND = YES;
				GCC_C_LANGUAGE_STANDARD = gnu11;
				GCC_NO_COMMON_BLOCKS = YES;
				GCC_WARN_64_TO_32_BIT_CONVERSION = YES;
				GCC_WARN_ABOUT_RETURN_TYPE = YES_ERROR;
				GCC_WARN_UNDECLARED_SELECTOR = YES;
				GCC_WARN_UNINITIALIZED_AUTOS = YES_AGGRESSIVE;
				GCC_WARN_UNUSED_FUNCTION = YES;
				GCC_WARN_UNUSED_VARIABLE = YES;
				MACOSX_DEPLOYMENT_TARGET = 14.0;
				MARKETING_VERSION = 1.2.0;
				MTL_ENABLE_DEBUG_INFO = NO;
				MTL_FAST_MATH = YES;
				PRODUCT_NAME = LockMic;
				SDKROOT = macosx;
				SWIFT_COMPILATION_MODE = wholemodule;
				SWIFT_OPTIMIZATION_LEVEL = "-O";
				SWIFT_VERSION = 5.0;
			};
			name = Release;
		};
		A79D8053AA2E14EBF82B38F1 /* Debug */ = {
			isa = XCBuildConfiguration;
			buildSettings = {
				ASSETCATALOG_COMPILER_APPICON_NAME = AppIcon;
				CODE_SIGN_ENTITLEMENTS = Resources/LockMic.entitlements;
				COMBINE_HIDPI_IMAGES = YES;
				CURRENT_PROJECT_VERSION = 120;
				GENERATE_INFOPLIST_FILE = NO;
				INFOPLIST_FILE = Resources/Info.plist;
				LD_RUNPATH_SEARCH_PATHS = "@executable_path/../Frameworks";
				MARKETING_VERSION = 1.2.0;
				PRODUCT_BUNDLE_IDENTIFIER = com.lockmic.app;
				SDKROOT = macosx;
				SWIFT_EMIT_LOC_STRINGS = YES;
			};
			name = Debug;
		};
/* End XCBuildConfiguration section */

/* Begin XCConfigurationList section */
		5266119FE794EA54E207E636 /* Build configuration list for PBXNativeTarget "LockMic" */ = {
			isa = XCConfigurationList;
			buildConfigurations = (
				A79D8053AA2E14EBF82B38F1 /* Debug */,
				83D0A38C054B76736AD7A335 /* Release */,
			);
			defaultConfigurationIsVisible = 0;
			defaultConfigurationName = Debug;
		};
		B8F756E302A6029099FAA85E /* Build configuration list for PBXProject "LockMic" */ = {
			isa = XCConfigurationList;
			buildConfigurations = (
				20F84DEB0DE46FB5D82C88A3 /* Debug */,
				8C8E6906F79D9E17FDCB6162 /* Release */,
			);
			defaultConfigurationIsVisible = 0;
			defaultConfigurationName = Debug;
		};
/* End XCConfigurationList section */
	};
	rootObject = 56B6648B20EB096606E9BDA3 /* Project object */;
}
